
Microsoft Visual Studio Solution File, Format Version 12.00
# Visual Studio Version 17
VisualStudioVersion = 17.11.35327.3
MinimumVisualStudioVersion = 10.0.40219.1
Project("{FAE04EC0-301F-11D3-BF4B-00C04F79EFBC}") = "TransportManagement", "TransportManagement.csproj", "{30C90E38-5835-4182-BC11-BB04EB681ACE}"
EndProject
Global
	GlobalSection(SolutionConfigurationPlatforms) = preSolution
		Debug|Any CPU = Debug|Any CPU
		Release|Any CPU = Release|Any CPU
	EndGlobalSection
	GlobalSection(ProjectConfigurationPlatforms) = postSolution
		{30C90E38-5835-4182-BC11-BB04EB681ACE}.Debug|Any CPU.ActiveCfg = Debug|Any CPU
		{30C90E38-5835-4182-BC11-BB04EB681ACE}.Debug|Any CPU.Build.0 = Debug|Any CPU
		{30C90E38-5835-4182-BC11-BB04EB681ACE}.Release|Any CPU.ActiveCfg = Release|Any CPU
		{30C90E38-5835-4182-BC11-BB04EB681ACE}.Release|Any CPU.Build.0 = Release|Any CPU
	EndGlobalSection
	GlobalSection(SolutionProperties) = preSolution
		HideSolutionNode = FALSE
	EndGlobalSection
	GlobalSection(ExtensibilityGlobals) = postSolution
		SolutionGuid = {86405ADE-2CD3-40D7-B111-A1C7DAFD61C3}
	EndGlobalSection
EndGlobal
